
Microsoft Visual Studio Solution File, Format Version 12.00
# Visual Studio Version 17
VisualStudioVersion = 17.13.35818.85 d17.13
MinimumVisualStudioVersion = 10.0.40219.1
Project("{FAE04EC0-301F-11D3-BF4B-00C04F79EFBC}") = "BookCatalogue", "BookCatalogue\BookCatalogue.csproj", "{7EC5C575-9934-4570-B58E-FE47E4F9BAE6}"
EndProject
Global
	GlobalSection(SolutionConfigurationPlatforms) = preSolution
		Debug|Any CPU = Debug|Any CPU
		Release|Any CPU = Release|Any CPU
	EndGlobalSection
	GlobalSection(ProjectConfigurationPlatforms) = postSolution
		{7EC5C575-9934-4570-B58E-FE47E4F9BAE6}.Debug|Any CPU.ActiveCfg = Debug|Any CPU
		{7EC5C575-9934-4570-B58E-FE47E4F9BAE6}.Debug|Any CPU.Build.0 = Debug|Any CPU
		{7EC5C575-9934-4570-B58E-FE47E4F9BAE6}.Release|Any CPU.ActiveCfg = Release|Any CPU
		{7EC5C575-9934-4570-B58E-FE47E4F9BAE6}.Release|Any CPU.Build.0 = Release|Any CPU
	EndGlobalSection
	GlobalSection(SolutionProperties) = preSolution
		HideSolutionNode = FALSE
	EndGlobalSection
	GlobalSection(ExtensibilityGlobals) = postSolution
		SolutionGuid = {B29C9712-3949-4CDC-AEDF-FF19EBB46947}
	EndGlobalSection
EndGlobal
